
Microsoft Visual Studio Solution File, Format Version 12.00
# Visual Studio Version 16
VisualStudioVersion = 16.0.31424.327
MinimumVisualStudioVersion = 10.0.40219.1
Project("{FAE04EC0-301F-11D3-BF4B-00C04F79EFBC}") = "Advance Furniture", "Advance Furniture\Advance Furniture.csproj", "{620D93B9-975C-43DE-A86F-29F0C43A3CD0}"
EndProject
Global
	GlobalSection(SolutionConfigurationPlatforms) = preSolution
		Debug|Any CPU = Debug|Any CPU
		Release|Any CPU = Release|Any CPU
	EndGlobalSection
	GlobalSection(ProjectConfigurationPlatforms) = postSolution
		{620D93B9-975C-43DE-A86F-29F0C43A3CD0}.Debug|Any CPU.ActiveCfg = Debug|Any CPU
		{620D93B9-975C-43DE-A86F-29F0C43A3CD0}.Debug|Any CPU.Build.0 = Debug|Any CPU
		{620D93B9-975C-43DE-A86F-29F0C43A3CD0}.Release|Any CPU.ActiveCfg = Release|Any CPU
		{620D93B9-975C-43DE-A86F-29F0C43A3CD0}.Release|Any CPU.Build.0 = Release|Any CPU
	EndGlobalSection
	GlobalSection(SolutionProperties) = preSolution
		HideSolutionNode = FALSE
	EndGlobalSection
	GlobalSection(ExtensibilityGlobals) = postSolution
		SolutionGuid = {CBF75F1E-63CA-467C-A15F-A2E59C6E7020}
	EndGlobalSection
EndGlobal
